
Microsoft Visual Studio Solution File, Format Version 12.00
# Visual Studio Version 17
VisualStudioVersion = 17.4.33213.308
MinimumVisualStudioVersion = 10.0.40219.1
Project("{FAE04EC0-301F-11D3-BF4B-00C04F79EFBC}") = "LogicalPrograms", "LogicalPrograms\LogicalPrograms.csproj", "{F4A0729E-61A0-4000-A58B-84E95B4735D5}"
EndProject
Global
	GlobalSection(SolutionConfigurationPlatforms) = preSolution
		Debug|Any CPU = Debug|Any CPU
		Release|Any CPU = Release|Any CPU
	EndGlobalSection
	GlobalSection(ProjectConfigurationPlatforms) = postSolution
		{F4A0729E-61A0-4000-A58B-84E95B4735D5}.Debug|Any CPU.ActiveCfg = Debug|Any CPU
		{F4A0729E-61A0-4000-A58B-84E95B4735D5}.Debug|Any CPU.Build.0 = Debug|Any CPU
		{F4A0729E-61A0-4000-A58B-84E95B4735D5}.Release|Any CPU.ActiveCfg = Release|Any CPU
		{F4A0729E-61A0-4000-A58B-84E95B4735D5}.Release|Any CPU.Build.0 = Release|Any CPU
	EndGlobalSection
	GlobalSection(SolutionProperties) = preSolution
		HideSolutionNode = FALSE
	EndGlobalSection
	GlobalSection(ExtensibilityGlobals) = postSolution
		SolutionGuid = {4BE474A6-2451-4D20-BF89-E634016E3722}
	EndGlobalSection
EndGlobal
